{
    "_meta": {
        "hash": {
            "sha256": "4ec675fec93612d4075c08f3e576d3af3729a78b0b46c9ae08ebeae7546a5340"
        },
        "pipfile-spec": 6,
        "requires": {
            "python_version": "3.6"
        },
        "sources": [
            {
                "name": "pypi",
                "url": "https://pypi.org/simple",
                "verify_ssl": true
            }
        ]
    },
    "default": {
        "pyside2": {
            "hashes": [
                "sha256:348d9e691698eb1c42264263edd221ce284f009a76cf05cd253939e67c3fae7c",
                "sha256:55527f92e716b81685277e4a121f02acf04b017e881febc691b1dca3c180c855",
                "sha256:68fd4db4c10b559e0fb17de0005ba6638c351724497f15aa5988638deae5d600",
                "sha256:8080373528d28ef925e7f3f69bca4e54d24cb578135cbcd3fc66cc7956584e4f",
                "sha256:98fe8376321a92eb512f22d724aa701940a7d8611bee9223c34fccf9a74c8797",
                "sha256:a538999a03ae3fbb6da22ddd48476ac8ea7011ba753d23f69bd6025109b06bff"
            ],
            "index": "pypi",
            "version": "==5.12.4"
        },
        "shiboken2": {
            "hashes": [
                "sha256:019815820625cdb43e5f2a18ede4821be98e3b9448c69aae07713035ee34572c",
                "sha256:35ab0109e03e4f2c43b01d73b1c978f3eaee25d357abcfadb51e81fe1149ac2c",
                "sha256:3a4b07fc5039c11530949a49f505be88cecf04f0b01677382294519837c31371",
                "sha256:561d4e5165d8ff503234bd17d3f880a8df3f6a6cc9a44f565d73fe207550d044",
                "sha256:7427a43acee54f3a2ac7e12baef8580b7c8c60783ee390ec913bcdcb07c3bae6",
                "sha256:9379237def2b7e73dac85897853ba993a6f4692c66666f55a0b0a15efb076b36"
            ],
            "version": "==5.12.4"
        }
    },
    "develop": {
        "altgraph": {
            "hashes": [
                "sha256:d6814989f242b2b43025cba7161fc1b8fb487a62cd49c49245d6fd01c18ac997",
                "sha256:ddf5320017147ba7b810198e0b6619bd7b5563aa034da388cea8546b877f9b0c"
            ],
            "version": "==0.16.1"
        },
        "future": {
            "hashes": [
                "sha256:67045236dcfd6816dc439556d009594abf643e5eb48992e36beac09c2ca659b8",
                "sha256:e04da0cf7c0e313e2e53b65d11594e86be1532457e53c7ddd90f3423966d80dc"
            ],
            "version": "==0.17.1"
        },
        "macholib": {
            "hashes": [
                "sha256:ac02d29898cf66f27510d8f39e9112ae00590adb4a48ec57b25028d6962b1ae1",
                "sha256:c4180ffc6f909bf8db6cd81cff4b6f601d575568f4d5dee148c830e9851eb9db"
            ],
            "version": "==1.11"
        },
        "pefile": {
            "hashes": [
                "sha256:a5d6e8305c6b210849b47a6174ddf9c452b2888340b8177874b862ba6c207645"
            ],
            "version": "==2019.4.18"
        },
        "pyinstaller": {
            "hashes": [
                "sha256:a5a6e04a66abfcf8761e89a2ebad937919c6be33a7b8963e1a961b55cb35986b"
            ],
            "index": "pypi",
            "version": "==3.4"
        }
    }
}
