{
    "_meta": {
        "hash": {
            "sha256": "4ec675fec93612d4075c08f3e576d3af3729a78b0b46c9ae08ebeae7546a5340"
        },
        "pipfile-spec": 6,
        "requires": {
            "python_version": "3.6"
        },
        "sources": [
            {
                "name": "pypi",
                "url": "https://pypi.org/simple",
                "verify_ssl": true
            }
        ]
    },
    "default": {
        "pyside2": {
            "hashes": [
                "sha256:348d9e691698eb1c42264263edd221ce284f009a76cf05cd253939e67c3fae7c",
                "sha256:55527f92e716b81685277e4a121f02acf04b017e881febc691b1dca3c180c855",
                "sha256:68fd4db4c10b559e0fb17de0005ba6638c351724497f15aa5988638deae5d600",
                "sha256:8080373528d28ef925e7f3f69bca4e54d24cb578135cbcd3fc66cc7956584e4f",
                "sha256:98fe8376321a92eb512f22d724aa701940a7d8611bee9223c34fccf9a74c8797",
                "sha256:a538999a03ae3fbb6da22ddd48476ac8ea7011ba753d23f69bd6025109b06bff"
            ],
            "index": "pypi",
            "version": "==5.12.4"
        },
        "shiboken2": {
            "hashes": [
                "sha256:019815820625cdb43e5f2a18ede4821be98e3b9448c69aae07713035ee34572c",
                "sha256:35ab0109e03e4f2c43b01d73b1c978f3eaee25d357abcfadb51e81fe1149ac2c",
                "sha256:3a4b07fc5039c11530949a49f505be88cecf04f0b01677382294519837c31371",
                "sha256:561d4e5165d8ff503234bd17d3f880a8df3f6a6cc9a44f565d73fe207550d044",
                "sha256:7427a43acee54f3a2ac7e12baef8580b7c8c60783ee390ec913bcdcb07c3bae6",
                "sha256:9379237def2b7e73dac85897853ba993a6f4692c66666f55a0b0a15efb076b36"
            ],
            "version": "==5.12.4"
        }
    },
    "develop": {
        "altgraph": {
            "hashes": [
                "sha256:ad33358114df7c9416cdb8fa1eaa5852166c505118717021c6a8c7c7abbd03dd",
                "sha256:c8ac1ca6772207179ed8003ce7687757c04b0b71536f81e2ac5755c6226458fe"
            ],
            "version": "==0.17.3"
        },
        "future": {
            "hashes": [
                "sha256:34a17436ed1e96697a86f9de3d15a3b0be01d8bc8de9c1dffd59fb8234ed5307"
            ],
            "index": "pypi",
            "version": "==0.18.3"
        },
        "macholib": {
            "hashes": [
                "sha256:44c40f2cd7d6726af8fa6fe22549178d3a4dfecc35a9cd15ea916d9c83a688e0",
                "sha256:557bbfa1bb255c20e9abafe7ed6cd8046b48d9525db2f9b77d3122a63a2a8bf8"
            ],
            "version": "==1.16.2"
        },
        "pefile": {
            "hashes": [
                "sha256:82e6114004b3d6911c77c3953e3838654b04511b8b66e8583db70c65998017dc",
                "sha256:da185cd2af68c08a6cd4481f7325ed600a88f6a813bad9dea07ab3ef73d8d8d6"
            ],
            "markers": "python_version >= '3.6'",
            "version": "==2023.2.7"
        },
        "pyinstaller": {
            "hashes": [
                "sha256:a5a6e04a66abfcf8761e89a2ebad937919c6be33a7b8963e1a961b55cb35986b"
            ],
            "index": "pypi",
            "version": "==3.4"
        },
        "setuptools": {
            "hashes": [
                "sha256:22c7348c6d2976a52632c67f7ab0cdf40147db7789f9aed18734643fe9cf3373",
                "sha256:4ce92f1e1f8f01233ee9952c04f6b81d1e02939d6e1b488428154974a4d0783e"
            ],
            "markers": "python_version >= '3.6'",
            "version": "==59.6.0"
        }
    }
}
